
Microsoft Visual Studio Solution File, Format Version 12.00
Project("{FAE04EC0-301F-11D3-BF4B-00C04F79EFBC}") = "mod-utility", "mod-utility.csproj", "{469C7F21-F867-43AE-8975-996875A28F6C}"
EndProject
Global
	GlobalSection(SolutionConfigurationPlatforms) = preSolution
		Debug|Any CPU = Debug|Any CPU
		Release|Any CPU = Release|Any CPU
	EndGlobalSection
	GlobalSection(ProjectConfigurationPlatforms) = postSolution
		{469C7F21-F867-43AE-8975-996875A28F6C}.Debug|Any CPU.ActiveCfg = Debug|Any CPU
		{469C7F21-F867-43AE-8975-996875A28F6C}.Debug|Any CPU.Build.0 = Debug|Any CPU
		{469C7F21-F867-43AE-8975-996875A28F6C}.Release|Any CPU.ActiveCfg = Release|Any CPU
		{469C7F21-F867-43AE-8975-996875A28F6C}.Release|Any CPU.Build.0 = Release|Any CPU
	EndGlobalSection
EndGlobal
